{
    "_readme": [
        "This file locks the dependencies of your project to a known state",
        "Read more about it at https://getcomposer.org/doc/01-basic-usage.md#composer-lock-the-lock-file",
        "This file is @generated automatically"
    ],
    "content-hash": "f2013b64f5cf0551cfd551613a2adf63",
    "packages": [
        {
            "name": "predis/predis",
            "version": "v1.1.1",
            "source": {
                "type": "git",
                "url": "https://github.com/nrk/predis.git",
                "reference": "f0210e38881631afeafb56ab43405a92cafd9fd1"
            },
            "dist": {
                "type": "zip",
                "url": "https://api.github.com/repos/nrk/predis/zipball/f0210e38881631afeafb56ab43405a92cafd9fd1",
                "reference": "f0210e38881631afeafb56ab43405a92cafd9fd1",
                "shasum": ""
            },
            "require": {
                "php": ">=5.3.9"
            },
            "require-dev": {
                "phpunit/phpunit": "~4.8"
            },
            "suggest": {
                "ext-curl": "Allows access to Webdis when paired with phpiredis",
                "ext-phpiredis": "Allows faster serialization and deserialization of the Redis protocol"
            },
            "type": "library",
            "autoload": {
                "psr-4": {
                    "Predis\\": "src/"
                }
            },
            "notification-url": "https://packagist.org/downloads/",
            "license": [
                "MIT"
            ],
            "authors": [
                {
                    "name": "Daniele Alessandri",
                    "email": "suppakilla@gmail.com",
                    "homepage": "http://clorophilla.net"
                }
            ],
            "description": "Flexible and feature-complete Redis client for PHP and HHVM",
            "homepage": "http://github.com/nrk/predis",
            "keywords": [
                "nosql",
                "predis",
                "redis"
            ],
            "time": "2016-06-16T16:22:20+00:00"
        },
        {
            "name": "websk/php-cache",
            "version": "1.1",
            "source": {
                "type": "git",
                "url": "https://github.com/websk/php-cache.git",
                "reference": "00a77f58ffb6548a57e897acdd0d8b9b9167bee1"
            },
            "dist": {
                "type": "zip",
                "url": "https://api.github.com/repos/websk/php-cache/zipball/00a77f58ffb6548a57e897acdd0d8b9b9167bee1",
                "reference": "00a77f58ffb6548a57e897acdd0d8b9b9167bee1",
                "shasum": ""
            },
            "require": {
                "predis/predis": "1.*",
                "websk/php-utils": "dev-master"
            },
            "type": "library",
            "autoload": {
                "psr-4": {
                    "": "src/"
                }
            },
            "notification-url": "https://packagist.org/downloads/",
            "time": "2018-10-22T13:52:22+00:00"
        },
        {
            "name": "websk/php-db",
            "version": "1.2",
            "source": {
                "type": "git",
                "url": "https://github.com/websk/php-db.git",
                "reference": "79775e4511d2d3a5d6765a252bc6e32b4f51fab3"
            },
            "dist": {
                "type": "zip",
                "url": "https://api.github.com/repos/websk/php-db/zipball/79775e4511d2d3a5d6765a252bc6e32b4f51fab3",
                "reference": "79775e4511d2d3a5d6765a252bc6e32b4f51fab3",
                "shasum": ""
            },
            "require": {
                "ext-pdo": "*",
                "websk/php-utils": "dev-master"
            },
            "type": "library",
            "autoload": {
                "psr-4": {
                    "": "src/"
                }
            },
            "notification-url": "https://packagist.org/downloads/",
            "time": "2018-10-22T14:45:17+00:00"
        },
        {
            "name": "websk/php-utils",
            "version": "dev-master",
            "source": {
                "type": "git",
                "url": "https://github.com/websk/php-utils.git",
                "reference": "559695ead38bf5fe2304441478ab3c4a1db2f0c3"
            },
            "dist": {
                "type": "zip",
                "url": "https://api.github.com/repos/websk/php-utils/zipball/559695ead38bf5fe2304441478ab3c4a1db2f0c3",
                "reference": "559695ead38bf5fe2304441478ab3c4a1db2f0c3",
                "shasum": ""
            },
            "type": "library",
            "autoload": {
                "psr-4": {
                    "": "src/"
                }
            },
            "notification-url": "https://packagist.org/downloads/",
            "time": "2018-10-23T14:01:13+00:00"
        }
    ],
    "packages-dev": [],
    "aliases": [],
    "minimum-stability": "stable",
    "stability-flags": {
        "websk/php-utils": 20
    },
    "prefer-stable": false,
    "prefer-lowest": false,
    "platform": {
        "ext-pdo": "*"
    },
    "platform-dev": []
}
