{
    "_readme": [
        "This file locks the dependencies of your project to a known state",
        "Read more about it at https://getcomposer.org/doc/01-basic-usage.md#installing-dependencies",
        "This file is @generated automatically"
    ],
    "content-hash": "1955caa002d851c42ca00b7fe9f49503",
    "packages": [
        {
            "name": "psr/container",
            "version": "1.1.2",
            "source": {
                "type": "git",
                "url": "https://github.com/php-fig/container.git",
                "reference": "513e0666f7216c7459170d56df27dfcefe1689ea"
            },
            "dist": {
                "type": "zip",
                "url": "https://api.github.com/repos/php-fig/container/zipball/513e0666f7216c7459170d56df27dfcefe1689ea",
                "reference": "513e0666f7216c7459170d56df27dfcefe1689ea",
                "shasum": ""
            },
            "require": {
                "php": ">=7.4.0"
            },
            "type": "library",
            "autoload": {
                "psr-4": {
                    "Psr\\Container\\": "src/"
                }
            },
            "notification-url": "https://packagist.org/downloads/",
            "license": [
                "MIT"
            ],
            "authors": [
                {
                    "name": "PHP-FIG",
                    "homepage": "https://www.php-fig.org/"
                }
            ],
            "description": "Common Container Interface (PHP FIG PSR-11)",
            "homepage": "https://github.com/php-fig/container",
            "keywords": [
                "PSR-11",
                "container",
                "container-interface",
                "container-interop",
                "psr"
            ],
            "support": {
                "issues": "https://github.com/php-fig/container/issues",
                "source": "https://github.com/php-fig/container/tree/1.1.2"
            },
            "time": "2021-11-05T16:50:12+00:00"
        },
        {
            "name": "ulrichsg/getopt-php",
            "version": "v4.0.4",
            "source": {
                "type": "git",
                "url": "https://github.com/getopt-php/getopt-php.git",
                "reference": "9313ecde04f7bed262716e3a4d32a5e2cea3ffad"
            },
            "dist": {
                "type": "zip",
                "url": "https://api.github.com/repos/getopt-php/getopt-php/zipball/9313ecde04f7bed262716e3a4d32a5e2cea3ffad",
                "reference": "9313ecde04f7bed262716e3a4d32a5e2cea3ffad",
                "shasum": ""
            },
            "require": {
                "ext-mbstring": "*",
                "php": "^7.1 || ^8.0"
            },
            "require-dev": {
                "phpunit/phpunit": "*",
                "squizlabs/php_codesniffer": "^3.5.8",
                "tflori/phpunit-printer": "*"
            },
            "type": "library",
            "autoload": {
                "psr-4": {
                    "GetOpt\\": "src"
                }
            },
            "notification-url": "https://packagist.org/downloads/",
            "license": [
                "MIT"
            ],
            "authors": [
                {
                    "name": "Ulrich Schmidt-Goertz",
                    "email": "ulrich@schmidt-goertz.de"
                },
                {
                    "name": "Thomas Flori",
                    "email": "thflori@gmail.com"
                }
            ],
            "description": "Command line arguments parser for PHP 7.1 and above",
            "homepage": "http://getopt-php.github.io/getopt-php",
            "support": {
                "issues": "https://github.com/getopt-php/getopt-php/issues",
                "source": "https://github.com/getopt-php/getopt-php/tree/v4.0.4"
            },
            "time": "2025-02-11T14:42:04+00:00"
        },
        {
            "name": "websk/php-cache",
            "version": "2.2.3",
            "source": {
                "type": "git",
                "url": "https://github.com/websk/php-cache.git",
                "reference": "d2a05d6a748eae2874d76c266467d13073eb8163"
            },
            "dist": {
                "type": "zip",
                "url": "https://api.github.com/repos/websk/php-cache/zipball/d2a05d6a748eae2874d76c266467d13073eb8163",
                "reference": "d2a05d6a748eae2874d76c266467d13073eb8163",
                "shasum": ""
            },
            "require": {
                "php": "^8.3",
                "psr/container": "^1.0"
            },
            "suggest": {
                "ext-memcache": "*",
                "ext-memcached": "*",
                "predis/predis": "1.*"
            },
            "type": "library",
            "autoload": {
                "psr-4": {
                    "": "src/"
                }
            },
            "notification-url": "https://packagist.org/downloads/",
            "support": {
                "issues": "https://github.com/websk/php-cache/issues",
                "source": "https://github.com/websk/php-cache/tree/2.2.3"
            },
            "time": "2025-02-09T10:12:49+00:00"
        },
        {
            "name": "websk/php-db",
            "version": "2.1.0",
            "source": {
                "type": "git",
                "url": "https://github.com/websk/php-db.git",
                "reference": "4d867ad132ddde644c5e40e7cf5797153be846b6"
            },
            "dist": {
                "type": "zip",
                "url": "https://api.github.com/repos/websk/php-db/zipball/4d867ad132ddde644c5e40e7cf5797153be846b6",
                "reference": "4d867ad132ddde644c5e40e7cf5797153be846b6",
                "shasum": ""
            },
            "require": {
                "ext-pdo": "*",
                "php": "^8.3",
                "ulrichsg/getopt-php": "^v4.0.4"
            },
            "bin": [
                "bin/websk_db_migration.php"
            ],
            "type": "library",
            "autoload": {
                "psr-4": {
                    "": "src/"
                }
            },
            "notification-url": "https://packagist.org/downloads/",
            "description": "DB Service",
            "support": {
                "issues": "https://github.com/websk/php-db/issues",
                "source": "https://github.com/websk/php-db/tree/2.1.0"
            },
            "time": "2025-03-25T05:30:14+00:00"
        },
        {
            "name": "websk/php-utils",
            "version": "2.1.1",
            "source": {
                "type": "git",
                "url": "https://github.com/websk/php-utils.git",
                "reference": "1fe69ffbf539aa62aa536b1ac11b09759f41e71e"
            },
            "dist": {
                "type": "zip",
                "url": "https://api.github.com/repos/websk/php-utils/zipball/1fe69ffbf539aa62aa536b1ac11b09759f41e71e",
                "reference": "1fe69ffbf539aa62aa536b1ac11b09759f41e71e",
                "shasum": ""
            },
            "require": {
                "ext-json": "*",
                "ext-mbstring": "*",
                "php": "^8.3"
            },
            "type": "library",
            "autoload": {
                "psr-4": {
                    "": "src/"
                }
            },
            "notification-url": "https://packagist.org/downloads/",
            "description": "PHP utils",
            "support": {
                "issues": "https://github.com/websk/php-utils/issues",
                "source": "https://github.com/websk/php-utils/tree/2.1.1"
            },
            "time": "2025-03-25T05:39:40+00:00"
        }
    ],
    "packages-dev": [],
    "aliases": [],
    "minimum-stability": "stable",
    "stability-flags": {},
    "prefer-stable": false,
    "prefer-lowest": false,
    "platform": {
        "php": "^8.3",
        "ext-pdo": "*"
    },
    "platform-dev": {},
    "plugin-api-version": "2.6.0"
}
